// !$*UTF8*$!
{
	archiveVersion = 1;
	classes = {
	};
	objectVersion = 46;
	objects = {

/* Begin PBXBuildFile section */
		FB59FA951D2510E7009203DC /* main.m in Sources */ = {isa = PBXBuildFile; fileRef = FB59FA941D2510E7009203DC /* main.m */; };
		FB59FA981D2510E7009203DC /* AppDelegate.m in Sources */ = {isa = PBXBuildFile; fileRef = FB59FA971D2510E7009203DC /* AppDelegate.m */; };
		FB59FA9B1D2510E7009203DC /* ViewController.m in Sources */ = {isa = PBXBuildFile; fileRef = FB59FA9A1D2510E7009203DC /* ViewController.m */; };
		FB59FA9E1D2510E7009203DC /* Main.storyboard in Resources */ = {isa = PBXBuildFile; fileRef = FB59FA9C1D2510E7009203DC /* Main.storyboard */; };
		FB59FAA01D2510E7009203DC /* Assets.xcassets in Resources */ = {isa = PBXBuildFile; fileRef = FB59FA9F1D2510E7009203DC /* Assets.xcassets */; };
		FB59FAA31D2510E7009203DC /* LaunchScreen.storyboard in Resources */ = {isa = PBXBuildFile; fileRef = FB59FAA11D2510E7009203DC /* LaunchScreen.storyboard */; };
/* End PBXBuildFile section */

/* Begin PBXFileReference section */
		FB59FA901D2510E7009203DC /* TestLayer.app */ = {isa = PBXFileReference; explicitFileType = wrapper.application; includeInIndex = 0; path = TestLayer.app; sourceTree = BUILT_PRODUCTS_DIR; };
		FB59FA941D2510E7009203DC /* main.m */ = {isa = PBXFileReference; lastKnownFileType = sourcecode.c.objc; path = main.m; sourceTree = "<group>"; };
		FB59FA961D2510E7009203DC /* AppDelegate.h */ = {isa = PBXFileReference; lastKnownFileType = sourcecode.c.h; path = AppDelegate.h; sourceTree = "<group>"; };
		FB59FA971D2510E7009203DC /* AppDelegate.m */ = {isa = PBXFileReference; lastKnownFileType = sourcecode.c.objc; path = AppDelegate.m; sourceTree = "<group>"; };
		FB59FA991D2510E7009203DC /* ViewController.h */ = {isa = PBXFileReference; lastKnownFileType = sourcecode.c.h; path = ViewController.h; sourceTree = "<group>"; };
		FB59FA9A1D2510E7009203DC /* ViewController.m */ = {isa = PBXFileReference; lastKnownFileType = sourcecode.c.objc; path = ViewController.m; sourceTree = "<group>"; };
		FB59FA9D1D2510E7009203DC /* Base */ = {isa = PBXFileReference; lastKnownFileType = file.storyboard; name = Base; path = Base.lproj/Main.storyboard; sourceTree = "<group>"; };
		FB59FA9F1D2510E7009203DC /* Assets.xcassets */ = {isa = PBXFileReference; lastKnownFileType = folder.assetcatalog; path = Assets.xcassets; sourceTree = "<group>"; };
		FB59FAA21D2510E7009203DC /* Base */ = {isa = PBXFileReference; lastKnownFileType = file.storyboard; name = Base; path = Base.lproj/LaunchScreen.storyboard; sourceTree = "<group>"; };
		FB59FAA41D2510E7009203DC /* Info.plist */ = {isa = PBXFileReference; lastKnownFileType = text.plist.xml; path = Info.plist; sourceTree = "<group>"; };
/* End PBXFileReference section */

/* Begin PBXFrameworksBuildPhase section */
		FB59FA8D1D2510E7009203DC /* Frameworks */ = {
			isa = PBXFrameworksBuildPhase;
			buildActionMask = 2147483647;
			files = (
			);
			runOnlyForDeploymentPostprocessing = 0;
		};
/* End PBXFrameworksBuildPhase section */

/* Begin PBXGroup section */
		FB59FA871D2510E7009203DC = {
			isa = PBXGroup;
			children = (
				FB59FA921D2510E7009203DC /* TestLayer */,
				FB59FA911D2510E7009203DC /* Products */,
			);
			sourceTree = "<group>";
		};
		FB59FA911D2510E7009203DC /* Products */ = {
			isa = PBXGroup;
			children = (
				FB59FA901D2510E7009203DC /* TestLayer.app */,
			);
			name = Products;
			sourceTree = "<group>";
		};
		FB59FA921D2510E7009203DC /* TestLayer */ = {
			isa = PBXGroup;
			children = (
				FB59FA961D2510E7009203DC /* AppDelegate.h */,
				FB59FA971D2510E7009203DC /* AppDelegate.m */,
				FB59FA991D2510E7009203DC /* ViewController.h */,
				FB59FA9A1D2510E7009203DC /* ViewController.m */,
				FB59FA9C1D2510E7009203DC /* Main.storyboard */,
				FB59FA9F1D2510E7009203DC /* Assets.xcassets */,
				FB59FAA11D2510E7009203DC /* LaunchScreen.storyboard */,
				FB59FAA41D2510E7009203DC /* Info.plist */,
				FB59FA931D2510E7009203DC /* Supporting Files */,
			);
			path = TestLayer;
			sourceTree = "<group>";
		};
		FB59FA931D2510E7009203DC /* Supporting Files */ = {
			isa = PBXGroup;
			children = (
				FB59FA941D2510E7009203DC /* main.m */,
			);
			name = "Supporting Files";
			sourceTree = "<group>";
		};
/* End PBXGroup section */

/* Begin PBXNativeTarget section */
		FB59FA8F1D2510E7009203DC /* TestLayer */ = {
			isa = PBXNativeTarget;
			buildConfigurationList = FB59FAA71D2510E7009203DC /* Build configuration list for PBXNativeTarget "TestLayer" */;
			buildPhases = (
				FB59FA8C1D2510E7009203DC /* Sources */,
				FB59FA8D1D2510E7009203DC /* Frameworks */,
				FB59FA8E1D2510E7009203DC /* Resources */,
			);
			buildRules = (
			);
			dependencies = (
			);
			name = TestLayer;
			productName = TestLayer;
			productReference = FB59FA901D2510E7009203DC /* TestLayer.app */;
			productType = "com.apple.product-type.application";
		};
/* End PBXNativeTarget section */

/* Begin PBXProject section */
		FB59FA881D2510E7009203DC /* Project object */ = {
			isa = PBXProject;
			attributes = {
				LastUpgradeCheck = 0730;
				ORGANIZATIONNAME = Coody;
				TargetAttributes = {
					FB59FA8F1D2510E7009203DC = {
						CreatedOnToolsVersion = 7.3.1;
					};
				};
			};
			buildConfigurationList = FB59FA8B1D2510E7009203DC /* Build configuration list for PBXProject "TestLayer" */;
			compatibilityVersion = "Xcode 3.2";
			developmentRegion = English;
			hasScannedForEncodings = 0;
			knownRegions = (
				en,
				Base,
			);
			mainGroup = FB59FA871D2510E7009203DC;
			productRefGroup = FB59FA911D2510E7009203DC /* Products */;
			projectDirPath = "";
			projectRoot = "";
			targets = (
				FB59FA8F1D2510E7009203DC /* TestLayer */,
			);
		};
/* End PBXProject section */

/* Begin PBXResourcesBuildPhase section */
		FB59FA8E1D2510E7009203DC /* Resources */ = {
			isa = PBXResourcesBuildPhase;
			buildActionMask = 2147483647;
			files = (
				FB59FAA31D2510E7009203DC /* LaunchScreen.storyboard in Resources */,
				FB59FAA01D2510E7009203DC /* Assets.xcassets in Resources */,
				FB59FA9E1D2510E7009203DC /* Main.storyboard in Resources */,
			);
			runOnlyForDeploymentPostprocessing = 0;
		};
/* End PBXResourcesBuildPhase section */

/* Begin PBXSourcesBuildPhase section */
		FB59FA8C1D2510E7009203DC /* Sources */ = {
			isa = PBXSourcesBuildPhase;
			buildActionMask = 2147483647;
			files = (
				FB59FA9B1D2510E7009203DC /* ViewController.m in Sources */,
				FB59FA981D2510E7009203DC /* AppDelegate.m in Sources */,
				FB59FA951D2510E7009203DC /* main.m in Sources */,
			);
			runOnlyForDeploymentPostprocessing = 0;
		};
/* End PBXSourcesBuildPhase section */

/* Begin PBXVariantGroup section */
		FB59FA9C1D2510E7009203DC /* Main.storyboard */ = {
			isa = PBXVariantGroup;
			children = (
				FB59FA9D1D2510E7009203DC /* Base */,
			);
			name = Main.storyboard;
			sourceTree = "<group>";
		};
		FB59FAA11D2510E7009203DC /* LaunchScreen.storyboard */ = {
			isa = PBXVariantGroup;
			children = (
				FB59FAA21D2510E7009203DC /* Base */,
			);
			name = LaunchScreen.storyboard;
			sourceTree = "<group>";
		};
/* End PBXVariantGroup section */

/* Begin XCBuildConfiguration section */
		FB59FAA51D2510E7009203DC /* Debug */ = {
			isa = XCBuildConfiguration;
			buildSettings = {
				ALWAYS_SEARCH_USER_PATHS = NO;
				CLANG_ANALYZER_NONNULL = YES;
				CLANG_CXX_LANGUAGE_STANDARD = "gnu++0x";
				CLANG_CXX_LIBRARY = "libc++";
				CLANG_ENABLE_MODULES = YES;
				CLANG_ENABLE_OBJC_ARC = YES;
				CLANG_WARN_BOOL_CONVERSION = YES;
				CLANG_WARN_CONSTANT_CONVERSION = YES;
				CLANG_WARN_DIRECT_OBJC_ISA_USAGE = YES_ERROR;
				CLANG_WARN_EMPTY_BODY = YES;
				CLANG_WARN_ENUM_CONVERSION = YES;
				CLANG_WARN_INT_CONVERSION = YES;
				CLANG_WARN_OBJC_ROOT_CLASS = YES_ERROR;
				CLANG_WARN_UNREACHABLE_CODE = YES;
				CLANG_WARN__DUPLICATE_METHOD_MATCH = YES;
				"CODE_SIGN_IDENTITY[sdk=iphoneos*]" = "iPhone Developer";
				COPY_PHASE_STRIP = NO;
				DEBUG_INFORMATION_FORMAT = dwarf;
				ENABLE_STRICT_OBJC_MSGSEND = YES;
				ENABLE_TESTABILITY = YES;
				GCC_C_LANGUAGE_STANDARD = gnu99;
				GCC_DYNAMIC_NO_PIC = NO;
				GCC_NO_COMMON_BLOCKS = YES;
				GCC_OPTIMIZATION_LEVEL = 0;
				GCC_PREPROCESSOR_DEFINITIONS = (
					"DEBUG=1",
					"$(inherited)",
				);
				GCC_WARN_64_TO_32_BIT_CONVERSION = YES;
				GCC_WARN_ABOUT_RETURN_TYPE = YES_ERROR;
				GCC_WARN_UNDECLARED_SELECTOR = YES;
				GCC_WARN_UNINITIALIZED_AUTOS = YES_AGGRESSIVE;
				GCC_WARN_UNUSED_FUNCTION = YES;
				GCC_WARN_UNUSED_VARIABLE = YES;
				IPHONEOS_DEPLOYMENT_TARGET = 9.3;
				MTL_ENABLE_DEBUG_INFO = YES;
				ONLY_ACTIVE_ARCH = YES;
				SDKROOT = iphoneos;
			};
			name = Debug;
		};
		FB59FAA61D2510E7009203DC /* Release */ = {
			isa = XCBuildConfiguration;
			buildSettings = {
				ALWAYS_SEARCH_USER_PATHS = NO;
				CLANG_ANALYZER_NONNULL = YES;
				CLANG_CXX_LANGUAGE_STANDARD = "gnu++0x";
				CLANG_CXX_LIBRARY = "libc++";
				CLANG_ENABLE_MODULES = YES;
				CLANG_ENABLE_OBJC_ARC = YES;
				CLANG_WARN_BOOL_CONVERSION = YES;
				CLANG_WARN_CONSTANT_CONVERSION = YES;
				CLANG_WARN_DIRECT_OBJC_ISA_USAGE = YES_ERROR;
				CLANG_WARN_EMPTY_BODY = YES;
				CLANG_WARN_ENUM_CONVERSION = YES;
				CLANG_WARN_INT_CONVERSION = YES;
				CLANG_WARN_OBJC_ROOT_CLASS = YES_ERROR;
				CLANG_WARN_UNREACHABLE_CODE = YES;
				CLANG_WARN__DUPLICATE_METHOD_MATCH = YES;
				"CODE_SIGN_IDENTITY[sdk=iphoneos*]" = "iPhone Developer";
				COPY_PHASE_STRIP = NO;
				DEBUG_INFORMATION_FORMAT = "dwarf-with-dsym";
				ENABLE_NS_ASSERTIONS = NO;
				ENABLE_STRICT_OBJC_MSGSEND = YES;
				GCC_C_LANGUAGE_STANDARD = gnu99;
				GCC_NO_COMMON_BLOCKS = YES;
				GCC_WARN_64_TO_32_BIT_CONVERSION = YES;
				GCC_WARN_ABOUT_RETURN_TYPE = YES_ERROR;
				GCC_WARN_UNDECLARED_SELECTOR = YES;
				GCC_WARN_UNINITIALIZED_AUTOS = YES_AGGRESSIVE;
				GCC_WARN_UNUSED_FUNCTION = YES;
				GCC_WARN_UNUSED_VARIABLE = YES;
				IPHONEOS_DEPLOYMENT_TARGET = 9.3;
				MTL_ENABLE_DEBUG_INFO = NO;
				SDKROOT = iphoneos;
				VALIDATE_PRODUCT = YES;
			};
			name = Release;
		};
		FB59FAA81D2510E7009203DC /* Debug */ = {
			isa = XCBuildConfiguration;
			buildSettings = {
				ASSETCATALOG_COMPILER_APPICON_NAME = AppIcon;
				INFOPLIST_FILE = TestLayer/Info.plist;
				LD_RUNPATH_SEARCH_PATHS = "$(inherited) @executable_path/Frameworks";
				PRODUCT_BUNDLE_IDENTIFIER = com.gonline.TestLayer;
				PRODUCT_NAME = "$(TARGET_NAME)";
				PROVISIONING_PROFILE = "12c8129e-864f-4a54-924c-14f1f0286eb5";
			};
			name = Debug;
		};
		FB59FAA91D2510E7009203DC /* Release */ = {
			isa = XCBuildConfiguration;
			buildSettings = {
				ASSETCATALOG_COMPILER_APPICON_NAME = AppIcon;
				INFOPLIST_FILE = TestLayer/Info.plist;
				LD_RUNPATH_SEARCH_PATHS = "$(inherited) @executable_path/Frameworks";
				PRODUCT_BUNDLE_IDENTIFIER = com.gonline.TestLayer;
				PRODUCT_NAME = "$(TARGET_NAME)";
			};
			name = Release;
		};
/* End XCBuildConfiguration section */

/* Begin XCConfigurationList section */
		FB59FA8B1D2510E7009203DC /* Build configuration list for PBXProject "TestLayer" */ = {
			isa = XCConfigurationList;
			buildConfigurations = (
				FB59FAA51D2510E7009203DC /* Debug */,
				FB59FAA61D2510E7009203DC /* Release */,
			);
			defaultConfigurationIsVisible = 0;
			defaultConfigurationName = Release;
		};
		FB59FAA71D2510E7009203DC /* Build configuration list for PBXNativeTarget "TestLayer" */ = {
			isa = XCConfigurationList;
			buildConfigurations = (
				FB59FAA81D2510E7009203DC /* Debug */,
				FB59FAA91D2510E7009203DC /* Release */,
			);
			defaultConfigurationIsVisible = 0;
			defaultConfigurationName = Release;
		};
/* End XCConfigurationList section */
	};
	rootObject = FB59FA881D2510E7009203DC /* Project object */;
}
